
Microsoft Visual Studio Solution File, Format Version 12.00
# Visual Studio Version 16
VisualStudioVersion = 16.0.30523.141
MinimumVisualStudioVersion = 10.0.40219.1
Project("{8BC9CEB8-8B4A-11D0-8D11-00A0C91BC942}") = "SandBox", "SandBox\SandBox.vcxproj", "{E0EA3783-2C46-4E5C-9064-1F65B522F81C}"
EndProject
Project("{8BC9CEB8-8B4A-11D0-8D11-00A0C91BC942}") = "Walnut", "Walnut\Walnut.vcxproj", "{21B5913E-3189-433C-B57B-6F3B8E57660E}"
EndProject
Global
	GlobalSection(SolutionConfigurationPlatforms) = preSolution
		Debug|x64 = Debug|x64
		Release|x64 = Release|x64
	EndGlobalSection
	GlobalSection(ProjectConfigurationPlatforms) = postSolution
		{21B5913E-3189-433C-B57B-6F3B8E57660E}.Debug|x64.ActiveCfg = Debug|x64
		{21B5913E-3189-433C-B57B-6F3B8E57660E}.Debug|x64.Build.0 = Debug|x64
		{21B5913E-3189-433C-B57B-6F3B8E57660E}.Release|x64.ActiveCfg = Release|x64
		{21B5913E-3189-433C-B57B-6F3B8E57660E}.Release|x64.Build.0 = Release|x64
		{E0EA3783-2C46-4E5C-9064-1F65B522F81C}.Debug|x64.ActiveCfg = Debug|x64
		{E0EA3783-2C46-4E5C-9064-1F65B522F81C}.Debug|x64.Build.0 = Debug|x64
		{E0EA3783-2C46-4E5C-9064-1F65B522F81C}.Release|x64.ActiveCfg = Release|x64
		{E0EA3783-2C46-4E5C-9064-1F65B522F81C}.Release|x64.Build.0 = Release|x64
	EndGlobalSection
	GlobalSection(SolutionProperties) = preSolution
		HideSolutionNode = FALSE
	EndGlobalSection
	GlobalSection(ExtensibilityGlobals) = postSolution
		SolutionGuid = {ECA66AE3-5DF1-4615-9B82-D5AA3089CF6F}
	EndGlobalSection
EndGlobal
